Microsoft Visual Studio Solution File, Format Version 12.00
# Visual Studio Version 17
VisualStudioVersion = 17.13.35913.81
MinimumVisualStudioVersion = 10.0.40219.1
Project("{FAE04EC0-301F-11D3-BF4B-00C04F79EFBC}") = "_Evaluacion_Mensual_Abril", "_Evaluacion_Mensual_Abril\_Evaluacion_Mensual_Abril.csproj", "{97194BD3-FD83-4C56-AB32-276E53E6DC7B}"
EndProject
Global
	GlobalSection(SolutionConfigurationPlatforms) = preSolution
		Debug|Any CPU = Debug|Any CPU
		Release|Any CPU = Release|Any CPU
	EndGlobalSection
	GlobalSection(ProjectConfigurationPlatforms) = postSolution
		{97194BD3-FD83-4C56-AB32-276E53E6DC7B}.Debug|Any CPU.ActiveCfg = Debug|Any CPU
		{97194BD3-FD83-4C56-AB32-276E53E6DC7B}.Debug|Any CPU.Build.0 = Debug|Any CPU
		{97194BD3-FD83-4C56-AB32-276E53E6DC7B}.Release|Any CPU.ActiveCfg = Release|Any CPU
		{97194BD3-FD83-4C56-AB32-276E53E6DC7B}.Release|Any CPU.Build.0 = Release|Any CPU
	EndGlobalSection
	GlobalSection(SolutionProperties) = preSolution
		HideSolutionNode = FALSE
	EndGlobalSection
	GlobalSection(ExtensibilityGlobals) = postSolution
		SolutionGuid = {2D0C6B01-7C54-4254-B638-422EBF458F5A}
	EndGlobalSection
EndGlobal
